dependencies:
- name: ceph-csi-cephfs
  repository: https://ceph.github.io/csi-charts
  version: 3.6.0
- name: nfs-subdir-external-provisioner
  repository: https://kubernetes-sigs.github.io/nfs-subdir-external-provisioner/
  version: 4.0.16
- name: hostpath-provisioner
  repository: https://charts.rimusz.net
  version: 0.2.13
digest: sha256:ef97fba8b245a34bcb32c8a94106b39089ed1b05f369843fcc3ff8dc0f4c9778
generated: "2022-09-21T20:32:56.259889646+08:00"
